
Microsoft Visual Studio Solution File, Format Version 12.00
# Visual Studio Version 17
VisualStudioVersion = 17.11.35222.181
MinimumVisualStudioVersion = 10.0.40219.1
Project("{FAE04EC0-301F-11D3-BF4B-00C04F79EFBC}") = "Lab1_ASPNetConnectedMode", "Lab1_ASPNetConnectedMode\Lab1_ASPNetConnectedMode.csproj", "{455A6796-E4CD-4AB8-AD3A-AB69F7E3051F}"
EndProject
Global
	GlobalSection(SolutionConfigurationPlatforms) = preSolution
		Debug|Any CPU = Debug|Any CPU
		Release|Any CPU = Release|Any CPU
	EndGlobalSection
	GlobalSection(ProjectConfigurationPlatforms) = postSolution
		{455A6796-E4CD-4AB8-AD3A-AB69F7E3051F}.Debug|Any CPU.ActiveCfg = Debug|Any CPU
		{455A6796-E4CD-4AB8-AD3A-AB69F7E3051F}.Debug|Any CPU.Build.0 = Debug|Any CPU
		{455A6796-E4CD-4AB8-AD3A-AB69F7E3051F}.Release|Any CPU.ActiveCfg = Release|Any CPU
		{455A6796-E4CD-4AB8-AD3A-AB69F7E3051F}.Release|Any CPU.Build.0 = Release|Any CPU
	EndGlobalSection
	GlobalSection(SolutionProperties) = preSolution
		HideSolutionNode = FALSE
	EndGlobalSection
	GlobalSection(ExtensibilityGlobals) = postSolution
		SolutionGuid = {DD1BB81E-DBFC-4386-B2ED-90B14B768E74}
	EndGlobalSection
EndGlobal
